
Microsoft Visual Studio Solution File, Format Version 12.00
# Visual Studio 14
VisualStudioVersion = 14.0.25123.0
MinimumVisualStudioVersion = 10.0.40219.1
Project("{FAE04EC0-301F-11D3-BF4B-00C04F79EFBC}") = "SmartTransit", "SmartTransit\SmartTransit.csproj", "{4A5FCC0F-5886-4F60-B9F1-154366849CD1}"
EndProject
Project("{FAE04EC0-301F-11D3-BF4B-00C04F79EFBC}") = "SmartTransit.Tests", "SmartTransit.Tests\SmartTransit.Tests.csproj", "{846C81F3-81DA-425D-B526-13B6832E42C3}"
EndProject
Global
	GlobalSection(SolutionConfigurationPlatforms) = preSolution
		Debug|Any CPU = Debug|Any CPU
		Release|Any CPU = Release|Any CPU
	EndGlobalSection
	GlobalSection(ProjectConfigurationPlatforms) = postSolution
		{4A5FCC0F-5886-4F60-B9F1-154366849CD1}.Debug|Any CPU.ActiveCfg = Debug|Any CPU
		{4A5FCC0F-5886-4F60-B9F1-154366849CD1}.Debug|Any CPU.Build.0 = Debug|Any CPU
		{4A5FCC0F-5886-4F60-B9F1-154366849CD1}.Release|Any CPU.ActiveCfg = Release|Any CPU
		{4A5FCC0F-5886-4F60-B9F1-154366849CD1}.Release|Any CPU.Build.0 = Release|Any CPU
		{846C81F3-81DA-425D-B526-13B6832E42C3}.Debug|Any CPU.ActiveCfg = Debug|Any CPU
		{846C81F3-81DA-425D-B526-13B6832E42C3}.Debug|Any CPU.Build.0 = Debug|Any CPU
		{846C81F3-81DA-425D-B526-13B6832E42C3}.Release|Any CPU.ActiveCfg = Release|Any CPU
		{846C81F3-81DA-425D-B526-13B6832E42C3}.Release|Any CPU.Build.0 = Release|Any CPU
	EndGlobalSection
	GlobalSection(SolutionProperties) = preSolution
		HideSolutionNode = FALSE
	EndGlobalSection
EndGlobal
